
Microsoft Visual Studio Solution File, Format Version 12.00
# Visual Studio Version 17
VisualStudioVersion = 17.5.33530.505
MinimumVisualStudioVersion = 10.0.40219.1
Project("{9A19103F-16F7-4668-BE54-9A1E7A4F7556}") = "BookshelfMVC.Web", "BookshelfMVC.Web\BookshelfMVC.Web.csproj", "{FC6B8203-B9B7-47C7-8CD1-07E866407CFA}"
EndProject
Project("{2150E333-8FDC-42A3-9474-1A3956D46DE8}") = "Application", "Application", "{E277D4D5-F590-4614-91BF-262168CA3712}"
EndProject
Project("{2150E333-8FDC-42A3-9474-1A3956D46DE8}") = "Domain", "Domain", "{7829E5C4-64D9-433D-92A3-884BE691579B}"
EndProject
Project("{2150E333-8FDC-42A3-9474-1A3956D46DE8}") = "Infrastructure", "Infrastructure", "{FEEF66FD-992B-4166-B287-163EB1803EF6}"
EndProject
Project("{2150E333-8FDC-42A3-9474-1A3956D46DE8}") = "Test", "Test", "{23C4606A-DCA4-48AF-8568-CD193E485748}"
EndProject
Project("{9A19103F-16F7-4668-BE54-9A1E7A4F7556}") = "BookshelfMVC.Tests", "BookshelfMVC.Tests\BookshelfMVC.Tests.csproj", "{DD70FB8F-EF36-402E-9CD9-BBCDEC2F8331}"
EndProject
Project("{9A19103F-16F7-4668-BE54-9A1E7A4F7556}") = "BookshelfMVC.Application", "BookshelfMVC.Application\BookshelfMVC.Application.csproj", "{39F4115C-A958-45BE-8BB8-8CC99717615D}"
EndProject
Project("{9A19103F-16F7-4668-BE54-9A1E7A4F7556}") = "BookshelfMVC.Domain", "BookshelfMVC.Domain\BookshelfMVC.Domain.csproj", "{E7506EEB-60B4-4368-B58B-043BEA604B6E}"
EndProject
Project("{9A19103F-16F7-4668-BE54-9A1E7A4F7556}") = "BookshelfMVC.Infrastructure", "BookshelfMVC.Infrastructure\BookshelfMVC.Infrastructure.csproj", "{EB9214D8-A400-4334-A526-BEB64ECC2C16}"
EndProject
Global
	GlobalSection(SolutionConfigurationPlatforms) = preSolution
		Debug|Any CPU = Debug|Any CPU
		Release|Any CPU = Release|Any CPU
	EndGlobalSection
	GlobalSection(ProjectConfigurationPlatforms) = postSolution
		{FC6B8203-B9B7-47C7-8CD1-07E866407CFA}.Debug|Any CPU.ActiveCfg = Debug|Any CPU
		{FC6B8203-B9B7-47C7-8CD1-07E866407CFA}.Debug|Any CPU.Build.0 = Debug|Any CPU
		{FC6B8203-B9B7-47C7-8CD1-07E866407CFA}.Release|Any CPU.ActiveCfg = Release|Any CPU
		{FC6B8203-B9B7-47C7-8CD1-07E866407CFA}.Release|Any CPU.Build.0 = Release|Any CPU
		{DD70FB8F-EF36-402E-9CD9-BBCDEC2F8331}.Debug|Any CPU.ActiveCfg = Debug|Any CPU
		{DD70FB8F-EF36-402E-9CD9-BBCDEC2F8331}.Debug|Any CPU.Build.0 = Debug|Any CPU
		{DD70FB8F-EF36-402E-9CD9-BBCDEC2F8331}.Release|Any CPU.ActiveCfg = Release|Any CPU
		{DD70FB8F-EF36-402E-9CD9-BBCDEC2F8331}.Release|Any CPU.Build.0 = Release|Any CPU
		{39F4115C-A958-45BE-8BB8-8CC99717615D}.Debug|Any CPU.ActiveCfg = Debug|Any CPU
		{39F4115C-A958-45BE-8BB8-8CC99717615D}.Debug|Any CPU.Build.0 = Debug|Any CPU
		{39F4115C-A958-45BE-8BB8-8CC99717615D}.Release|Any CPU.ActiveCfg = Release|Any CPU
		{39F4115C-A958-45BE-8BB8-8CC99717615D}.Release|Any CPU.Build.0 = Release|Any CPU
		{E7506EEB-60B4-4368-B58B-043BEA604B6E}.Debug|Any CPU.ActiveCfg = Debug|Any CPU
		{E7506EEB-60B4-4368-B58B-043BEA604B6E}.Debug|Any CPU.Build.0 = Debug|Any CPU
		{E7506EEB-60B4-4368-B58B-043BEA604B6E}.Release|Any CPU.ActiveCfg = Release|Any CPU
		{E7506EEB-60B4-4368-B58B-043BEA604B6E}.Release|Any CPU.Build.0 = Release|Any CPU
		{EB9214D8-A400-4334-A526-BEB64ECC2C16}.Debug|Any CPU.ActiveCfg = Debug|Any CPU
		{EB9214D8-A400-4334-A526-BEB64ECC2C16}.Debug|Any CPU.Build.0 = Debug|Any CPU
		{EB9214D8-A400-4334-A526-BEB64ECC2C16}.Release|Any CPU.ActiveCfg = Release|Any CPU
		{EB9214D8-A400-4334-A526-BEB64ECC2C16}.Release|Any CPU.Build.0 = Release|Any CPU
	EndGlobalSection
	GlobalSection(SolutionProperties) = preSolution
		HideSolutionNode = FALSE
	EndGlobalSection
	GlobalSection(NestedProjects) = preSolution
		{DD70FB8F-EF36-402E-9CD9-BBCDEC2F8331} = {23C4606A-DCA4-48AF-8568-CD193E485748}
		{39F4115C-A958-45BE-8BB8-8CC99717615D} = {E277D4D5-F590-4614-91BF-262168CA3712}
		{E7506EEB-60B4-4368-B58B-043BEA604B6E} = {7829E5C4-64D9-433D-92A3-884BE691579B}
		{EB9214D8-A400-4334-A526-BEB64ECC2C16} = {FEEF66FD-992B-4166-B287-163EB1803EF6}
	EndGlobalSection
	GlobalSection(ExtensibilityGlobals) = postSolution
		SolutionGuid = {17503C41-4476-481B-9BB5-D8C79AE2B71B}
	EndGlobalSection
EndGlobal
